# This file is automatically @generated by Cargo.
# It is not intended for manual editing.
version = 4

[[package]]
name = "foco-agent"
version = "0.1.0"

[[package]]
name = "foco-app"
version = "0.1.0"
dependencies = [
 "foco-agent",
 "foco-graph",
 "foco-mcp",
 "foco-providers",
 "foco-store",
 "foco-tools",
]

[[package]]
name = "foco-graph"
version = "0.1.0"

[[package]]
name = "foco-mcp"
version = "0.1.0"

[[package]]
name = "foco-providers"
version = "0.1.0"

[[package]]
name = "foco-store"
version = "0.1.0"

[[package]]
name = "foco-tools"
version = "0.1.0"
